
Microsoft Visual Studio Solution File, Format Version 12.00
# Visual Studio Version 17
VisualStudioVersion = 17.6.33815.320
MinimumVisualStudioVersion = 10.0.40219.1
Project("{FAE04EC0-301F-11D3-BF4B-00C04F79EFBC}") = "PatternMatchingDataAnnotation", "PatternMatchingDataAnnotation\PatternMatchingDataAnnotation.csproj", "{F599FE40-CFCE-401B-AEFF-911BCF580EFD}"
EndProject
Global
	GlobalSection(SolutionConfigurationPlatforms) = preSolution
		Debug|Any CPU = Debug|Any CPU
		Release|Any CPU = Release|Any CPU
	EndGlobalSection
	GlobalSection(ProjectConfigurationPlatforms) = postSolution
		{F599FE40-CFCE-401B-AEFF-911BCF580EFD}.Debug|Any CPU.ActiveCfg = Debug|Any CPU
		{F599FE40-CFCE-401B-AEFF-911BCF580EFD}.Debug|Any CPU.Build.0 = Debug|Any CPU
		{F599FE40-CFCE-401B-AEFF-911BCF580EFD}.Release|Any CPU.ActiveCfg = Release|Any CPU
		{F599FE40-CFCE-401B-AEFF-911BCF580EFD}.Release|Any CPU.Build.0 = Release|Any CPU
	EndGlobalSection
	GlobalSection(SolutionProperties) = preSolution
		HideSolutionNode = FALSE
	EndGlobalSection
	GlobalSection(ExtensibilityGlobals) = postSolution
		SolutionGuid = {C1A6CC98-AABD-4144-93B5-1B3DC85A0B5B}
	EndGlobalSection
EndGlobal
